
Microsoft Visual Studio Solution File, Format Version 12.00
Project("{2150E333-8FDC-42A3-9474-1A3956D46DE8}") = "Client", "Client", "{9EC16EDF-3B31-4779-9999-996C65B95C0D}"
EndProject
Project("{2150E333-8FDC-42A3-9474-1A3956D46DE8}") = "Shared", "Shared", "{06EF2242-04A0-407E-B2DA-DD9CE602E5CC}"
EndProject
Project("{2150E333-8FDC-42A3-9474-1A3956D46DE8}") = "Server", "Server", "{2BCB2899-3586-4393-96AC-D1D85D94F398}"
EndProject
Project("{2150E333-8FDC-42A3-9474-1A3956D46DE8}") = "FileRepositories", "FileRepositories", "{72394666-D90F-4DF3-AD34-5C6B607A90F1}"
EndProject
Project("{2150E333-8FDC-42A3-9474-1A3956D46DE8}") = "WebAPI", "WebAPI", "{BD6EF620-9FB9-4CF5-9E03-C895374D004B}"
EndProject
Project("{2150E333-8FDC-42A3-9474-1A3956D46DE8}") = "RepositoryContracts", "RepositoryContracts", "{5D7F690E-F5B4-4190-87EF-52BCD7851FA6}"
EndProject
Project("{2150E333-8FDC-42A3-9474-1A3956D46DE8}") = "Entities", "Entities", "{0E40D51A-A11F-4452-B756-6EBE3A7D4680}"
EndProject
Project("{FAE04EC0-301F-11D3-BF4B-00C04F79EFBC}") = "APIContracts", "APIContracts\APIContracts.csproj", "{304016DD-15E4-4A1D-A9FD-5B1DBC53FAD8}"
EndProject
Project("{FAE04EC0-301F-11D3-BF4B-00C04F79EFBC}") = "CLI", "CLI\CLI.csproj", "{B1D15C33-6B57-4C8E-878C-489FE5747C52}"
EndProject
Project("{FAE04EC0-301F-11D3-BF4B-00C04F79EFBC}") = "BlazorApp1", "BlazorApp1\BlazorApp1.csproj", "{E6CFF30E-767D-43B2-8DC0-BBDE13E0BE2E}"
EndProject
Project("{FAE04EC0-301F-11D3-BF4B-00C04F79EFBC}") = "WebApplication1", "WebApplication1\WebApplication1.csproj", "{FEB9D0F4-6727-4A73-A559-781187F595D5}"
EndProject
Project("{FAE04EC0-301F-11D3-BF4B-00C04F79EFBC}") = "Entities", "Entities\Entities.csproj", "{CD8A1D5B-FB36-4334-A3E1-7A548F89245C}"
EndProject
Project("{FAE04EC0-301F-11D3-BF4B-00C04F79EFBC}") = "RepositoryContracts", "RepositoryContracts\RepositoryContracts.csproj", "{907AA4E2-E69E-47A3-8F93-5433C3EED1A7}"
EndProject
Project("{FAE04EC0-301F-11D3-BF4B-00C04F79EFBC}") = "FileRepositories", "FileRepositories\FileRepositories.csproj", "{CE22E205-A07B-4E8B-970A-3F358FB3240A}"
EndProject
Global
	GlobalSection(SolutionConfigurationPlatforms) = preSolution
		Debug|Any CPU = Debug|Any CPU
		Release|Any CPU = Release|Any CPU
	EndGlobalSection
	GlobalSection(NestedProjects) = preSolution
		{304016DD-15E4-4A1D-A9FD-5B1DBC53FAD8} = {06EF2242-04A0-407E-B2DA-DD9CE602E5CC}
		{B1D15C33-6B57-4C8E-878C-489FE5747C52} = {2BCB2899-3586-4393-96AC-D1D85D94F398}
		{E6CFF30E-767D-43B2-8DC0-BBDE13E0BE2E} = {9EC16EDF-3B31-4779-9999-996C65B95C0D}
		{FEB9D0F4-6727-4A73-A559-781187F595D5} = {BD6EF620-9FB9-4CF5-9E03-C895374D004B}
		{CD8A1D5B-FB36-4334-A3E1-7A548F89245C} = {0E40D51A-A11F-4452-B756-6EBE3A7D4680}
		{907AA4E2-E69E-47A3-8F93-5433C3EED1A7} = {5D7F690E-F5B4-4190-87EF-52BCD7851FA6}
		{CE22E205-A07B-4E8B-970A-3F358FB3240A} = {72394666-D90F-4DF3-AD34-5C6B607A90F1}
	EndGlobalSection
	GlobalSection(ProjectConfigurationPlatforms) = postSolution
		{304016DD-15E4-4A1D-A9FD-5B1DBC53FAD8}.Debug|Any CPU.ActiveCfg = Debug|Any CPU
		{304016DD-15E4-4A1D-A9FD-5B1DBC53FAD8}.Debug|Any CPU.Build.0 = Debug|Any CPU
		{304016DD-15E4-4A1D-A9FD-5B1DBC53FAD8}.Release|Any CPU.ActiveCfg = Release|Any CPU
		{304016DD-15E4-4A1D-A9FD-5B1DBC53FAD8}.Release|Any CPU.Build.0 = Release|Any CPU
		{B1D15C33-6B57-4C8E-878C-489FE5747C52}.Debug|Any CPU.ActiveCfg = Debug|Any CPU
		{B1D15C33-6B57-4C8E-878C-489FE5747C52}.Debug|Any CPU.Build.0 = Debug|Any CPU
		{B1D15C33-6B57-4C8E-878C-489FE5747C52}.Release|Any CPU.ActiveCfg = Release|Any CPU
		{B1D15C33-6B57-4C8E-878C-489FE5747C52}.Release|Any CPU.Build.0 = Release|Any CPU
		{E6CFF30E-767D-43B2-8DC0-BBDE13E0BE2E}.Debug|Any CPU.ActiveCfg = Debug|Any CPU
		{E6CFF30E-767D-43B2-8DC0-BBDE13E0BE2E}.Debug|Any CPU.Build.0 = Debug|Any CPU
		{E6CFF30E-767D-43B2-8DC0-BBDE13E0BE2E}.Release|Any CPU.ActiveCfg = Release|Any CPU
		{E6CFF30E-767D-43B2-8DC0-BBDE13E0BE2E}.Release|Any CPU.Build.0 = Release|Any CPU
		{FEB9D0F4-6727-4A73-A559-781187F595D5}.Debug|Any CPU.ActiveCfg = Debug|Any CPU
		{FEB9D0F4-6727-4A73-A559-781187F595D5}.Debug|Any CPU.Build.0 = Debug|Any CPU
		{FEB9D0F4-6727-4A73-A559-781187F595D5}.Release|Any CPU.ActiveCfg = Release|Any CPU
		{FEB9D0F4-6727-4A73-A559-781187F595D5}.Release|Any CPU.Build.0 = Release|Any CPU
		{CD8A1D5B-FB36-4334-A3E1-7A548F89245C}.Debug|Any CPU.ActiveCfg = Debug|Any CPU
		{CD8A1D5B-FB36-4334-A3E1-7A548F89245C}.Debug|Any CPU.Build.0 = Debug|Any CPU
		{CD8A1D5B-FB36-4334-A3E1-7A548F89245C}.Release|Any CPU.ActiveCfg = Release|Any CPU
		{CD8A1D5B-FB36-4334-A3E1-7A548F89245C}.Release|Any CPU.Build.0 = Release|Any CPU
		{907AA4E2-E69E-47A3-8F93-5433C3EED1A7}.Debug|Any CPU.ActiveCfg = Debug|Any CPU
		{907AA4E2-E69E-47A3-8F93-5433C3EED1A7}.Debug|Any CPU.Build.0 = Debug|Any CPU
		{907AA4E2-E69E-47A3-8F93-5433C3EED1A7}.Release|Any CPU.ActiveCfg = Release|Any CPU
		{907AA4E2-E69E-47A3-8F93-5433C3EED1A7}.Release|Any CPU.Build.0 = Release|Any CPU
		{CE22E205-A07B-4E8B-970A-3F358FB3240A}.Debug|Any CPU.ActiveCfg = Debug|Any CPU
		{CE22E205-A07B-4E8B-970A-3F358FB3240A}.Debug|Any CPU.Build.0 = Debug|Any CPU
		{CE22E205-A07B-4E8B-970A-3F358FB3240A}.Release|Any CPU.ActiveCfg = Release|Any CPU
		{CE22E205-A07B-4E8B-970A-3F358FB3240A}.Release|Any CPU.Build.0 = Release|Any CPU
	EndGlobalSection
EndGlobal
